
Microsoft Visual Studio Solution File, Format Version 12.00
# Visual Studio Version 17
VisualStudioVersion = 17.5.33516.290
MinimumVisualStudioVersion = 10.0.40219.1
Project("{FAE04EC0-301F-11D3-BF4B-00C04F79EFBC}") = "Hoja de trabajo Métodos", "Hoja de trabajo Métodos\Hoja de trabajo Métodos.csproj", "{A2366FA0-EABA-42EB-9D3A-FF1EA39E5538}"
EndProject
Global
	GlobalSection(SolutionConfigurationPlatforms) = preSolution
		Debug|Any CPU = Debug|Any CPU
		Release|Any CPU = Release|Any CPU
	EndGlobalSection
	GlobalSection(ProjectConfigurationPlatforms) = postSolution
		{A2366FA0-EABA-42EB-9D3A-FF1EA39E5538}.Debug|Any CPU.ActiveCfg = Debug|Any CPU
		{A2366FA0-EABA-42EB-9D3A-FF1EA39E5538}.Debug|Any CPU.Build.0 = Debug|Any CPU
		{A2366FA0-EABA-42EB-9D3A-FF1EA39E5538}.Release|Any CPU.ActiveCfg = Release|Any CPU
		{A2366FA0-EABA-42EB-9D3A-FF1EA39E5538}.Release|Any CPU.Build.0 = Release|Any CPU
	EndGlobalSection
	GlobalSection(SolutionProperties) = preSolution
		HideSolutionNode = FALSE
	EndGlobalSection
	GlobalSection(ExtensibilityGlobals) = postSolution
		SolutionGuid = {BDD050F8-53E3-4323-9E5E-2E0AEBCC0598}
	EndGlobalSection
EndGlobal
